
Microsoft Visual Studio Solution File, Format Version 11.00
# Visual Studio 2010
# SharpDevelop 5.1
Project("{FAE04EC0-301F-11D3-BF4B-00C04F79EFBC}") = "自动改名", "自动改名\自动改名.csproj", "{DE22BCA2-613E-401F-9AC1-09DC7973404A}"
EndProject
Global
	GlobalSection(SolutionConfigurationPlatforms) = preSolution
		Debug|Any CPU = Debug|Any CPU
		Release|Any CPU = Release|Any CPU
	EndGlobalSection
	GlobalSection(ProjectConfigurationPlatforms) = postSolution
		{DE22BCA2-613E-401F-9AC1-09DC7973404A}.Debug|Any CPU.ActiveCfg = Debug|Any CPU
		{DE22BCA2-613E-401F-9AC1-09DC7973404A}.Debug|Any CPU.Build.0 = Debug|Any CPU
		{DE22BCA2-613E-401F-9AC1-09DC7973404A}.Release|Any CPU.ActiveCfg = Release|Any CPU
		{DE22BCA2-613E-401F-9AC1-09DC7973404A}.Release|Any CPU.Build.0 = Release|Any CPU
	EndGlobalSection
EndGlobal
