
Microsoft Visual Studio Solution File, Format Version 11.00
# Visual Studio 2010
# SharpDevelop 5.1
Project("{FAE04EC0-301F-11D3-BF4B-00C04F79EFBC}") = "词频统计", "词频统计\词频统计.csproj", "{70CD4312-1502-454E-A9EC-C4ED85DAE1F7}"
EndProject
Global
	GlobalSection(SolutionConfigurationPlatforms) = preSolution
		Debug|Any CPU = Debug|Any CPU
		Release|Any CPU = Release|Any CPU
	EndGlobalSection
	GlobalSection(ProjectConfigurationPlatforms) = postSolution
		{70CD4312-1502-454E-A9EC-C4ED85DAE1F7}.Debug|Any CPU.ActiveCfg = Debug|Any CPU
		{70CD4312-1502-454E-A9EC-C4ED85DAE1F7}.Debug|Any CPU.Build.0 = Debug|Any CPU
		{70CD4312-1502-454E-A9EC-C4ED85DAE1F7}.Release|Any CPU.ActiveCfg = Release|Any CPU
		{70CD4312-1502-454E-A9EC-C4ED85DAE1F7}.Release|Any CPU.Build.0 = Release|Any CPU
	EndGlobalSection
EndGlobal
